
Microsoft Visual Studio Solution File, Format Version 12.00
# Visual Studio Version 17
VisualStudioVersion = 17.0.31919.166
MinimumVisualStudioVersion = 10.0.40219.1
Project("{9A19103F-16F7-4668-BE54-9A1E7A4F7556}") = "Bussiness Object", "Bussiness Object\Bussiness Object.csproj", "{805C5AE2-5056-40C2-ACA0-F7091FEC8325}"
EndProject
Project("{9A19103F-16F7-4668-BE54-9A1E7A4F7556}") = "Repositories", "Repositories\Repositories.csproj", "{86249381-9473-4A02-ADD9-B6FB1A35DABD}"
EndProject
Project("{FAE04EC0-301F-11D3-BF4B-00C04F79EFBC}") = "DataAccess", "DataAccess\DataAccess.csproj", "{892ED974-DB27-499C-AA4E-44C1B93248E0}"
EndProject
Project("{FAE04EC0-301F-11D3-BF4B-00C04F79EFBC}") = "ProductManagementAPI", "ProductManagementAPI\ProductManagementAPI.csproj", "{27A4A317-64B2-4D54-B4C0-3A1C08EF88E9}"
EndProject
Project("{FAE04EC0-301F-11D3-BF4B-00C04F79EFBC}") = "ProductManagementWebClient", "ProductManagementWebClient\ProductManagementWebClient.csproj", "{02ED92A7-502E-445C-8136-B6505D6942D8}"
EndProject
Global
	GlobalSection(SolutionConfigurationPlatforms) = preSolution
		Debug|Any CPU = Debug|Any CPU
		Release|Any CPU = Release|Any CPU
	EndGlobalSection
	GlobalSection(ProjectConfigurationPlatforms) = postSolution
		{805C5AE2-5056-40C2-ACA0-F7091FEC8325}.Debug|Any CPU.ActiveCfg = Debug|Any CPU
		{805C5AE2-5056-40C2-ACA0-F7091FEC8325}.Debug|Any CPU.Build.0 = Debug|Any CPU
		{805C5AE2-5056-40C2-ACA0-F7091FEC8325}.Release|Any CPU.ActiveCfg = Release|Any CPU
		{805C5AE2-5056-40C2-ACA0-F7091FEC8325}.Release|Any CPU.Build.0 = Release|Any CPU
		{86249381-9473-4A02-ADD9-B6FB1A35DABD}.Debug|Any CPU.ActiveCfg = Debug|Any CPU
		{86249381-9473-4A02-ADD9-B6FB1A35DABD}.Debug|Any CPU.Build.0 = Debug|Any CPU
		{86249381-9473-4A02-ADD9-B6FB1A35DABD}.Release|Any CPU.ActiveCfg = Release|Any CPU
		{86249381-9473-4A02-ADD9-B6FB1A35DABD}.Release|Any CPU.Build.0 = Release|Any CPU
		{892ED974-DB27-499C-AA4E-44C1B93248E0}.Debug|Any CPU.ActiveCfg = Debug|Any CPU
		{892ED974-DB27-499C-AA4E-44C1B93248E0}.Debug|Any CPU.Build.0 = Debug|Any CPU
		{892ED974-DB27-499C-AA4E-44C1B93248E0}.Release|Any CPU.ActiveCfg = Release|Any CPU
		{892ED974-DB27-499C-AA4E-44C1B93248E0}.Release|Any CPU.Build.0 = Release|Any CPU
		{27A4A317-64B2-4D54-B4C0-3A1C08EF88E9}.Debug|Any CPU.ActiveCfg = Debug|Any CPU
		{27A4A317-64B2-4D54-B4C0-3A1C08EF88E9}.Debug|Any CPU.Build.0 = Debug|Any CPU
		{27A4A317-64B2-4D54-B4C0-3A1C08EF88E9}.Release|Any CPU.ActiveCfg = Release|Any CPU
		{27A4A317-64B2-4D54-B4C0-3A1C08EF88E9}.Release|Any CPU.Build.0 = Release|Any CPU
		{02ED92A7-502E-445C-8136-B6505D6942D8}.Debug|Any CPU.ActiveCfg = Debug|Any CPU
		{02ED92A7-502E-445C-8136-B6505D6942D8}.Debug|Any CPU.Build.0 = Debug|Any CPU
		{02ED92A7-502E-445C-8136-B6505D6942D8}.Release|Any CPU.ActiveCfg = Release|Any CPU
		{02ED92A7-502E-445C-8136-B6505D6942D8}.Release|Any CPU.Build.0 = Release|Any CPU
	EndGlobalSection
	GlobalSection(SolutionProperties) = preSolution
		HideSolutionNode = FALSE
	EndGlobalSection
	GlobalSection(ExtensibilityGlobals) = postSolution
		SolutionGuid = {D0013D2A-C821-471A-A44C-FD25FF0F5B8E}
	EndGlobalSection
EndGlobal
