
Microsoft Visual Studio Solution File, Format Version 12.00
# Visual Studio Version 16
VisualStudioVersion = 16.0.31702.278
MinimumVisualStudioVersion = 10.0.40219.1
Project("{FAE04EC0-301F-11D3-BF4B-00C04F79EFBC}") = "MyStoreManagement", "MyStoreManagement\MyStoreManagement.csproj", "{BB2D646F-F56E-4E88-993E-69D165E2A3B1}"
EndProject
Global
	GlobalSection(SolutionConfigurationPlatforms) = preSolution
		Debug|Any CPU = Debug|Any CPU
		Release|Any CPU = Release|Any CPU
	EndGlobalSection
	GlobalSection(ProjectConfigurationPlatforms) = postSolution
		{BB2D646F-F56E-4E88-993E-69D165E2A3B1}.Debug|Any CPU.ActiveCfg = Debug|Any CPU
		{BB2D646F-F56E-4E88-993E-69D165E2A3B1}.Debug|Any CPU.Build.0 = Debug|Any CPU
		{BB2D646F-F56E-4E88-993E-69D165E2A3B1}.Release|Any CPU.ActiveCfg = Release|Any CPU
		{BB2D646F-F56E-4E88-993E-69D165E2A3B1}.Release|Any CPU.Build.0 = Release|Any CPU
	EndGlobalSection
	GlobalSection(SolutionProperties) = preSolution
		HideSolutionNode = FALSE
	EndGlobalSection
	GlobalSection(ExtensibilityGlobals) = postSolution
		SolutionGuid = {C0671523-00FA-4889-BE9A-282216E3F450}
	EndGlobalSection
EndGlobal
