
Microsoft Visual Studio Solution File, Format Version 12.00
# Visual Studio Version 17
VisualStudioVersion = 17.0.31919.166
MinimumVisualStudioVersion = 10.0.40219.1
Project("{FAE04EC0-301F-11D3-BF4B-00C04F79EFBC}") = "BusinessObjects", "BusinessObjects\BusinessObjects.csproj", "{98CEEF41-771B-483C-BB67-5C16B5ED071B}"
EndProject
Project("{FAE04EC0-301F-11D3-BF4B-00C04F79EFBC}") = "Repositories", "Repositories\Repositories.csproj", "{D689F99A-46DE-4EED-AD91-3D11466CE60F}"
EndProject
Project("{FAE04EC0-301F-11D3-BF4B-00C04F79EFBC}") = "DataAccess", "DataAccess\DataAccess.csproj", "{DD31E697-B93F-4F75-BFC8-EBB5BE1CAC20}"
EndProject
Project("{FAE04EC0-301F-11D3-BF4B-00C04F79EFBC}") = "ProjectManagementAPI", "ProjectManagementAPI\ProjectManagementAPI.csproj", "{775E2259-6695-4642-ADDF-058660B18B5E}"
EndProject
Project("{FAE04EC0-301F-11D3-BF4B-00C04F79EFBC}") = "IdentityAjaxClient", "IdentityAjaxClient\IdentityAjaxClient.csproj", "{FAC7CDEA-B137-4F43-9C34-DA095BFE4239}"
EndProject
Global
	GlobalSection(SolutionConfigurationPlatforms) = preSolution
		Debug|Any CPU = Debug|Any CPU
		Release|Any CPU = Release|Any CPU
	EndGlobalSection
	GlobalSection(ProjectConfigurationPlatforms) = postSolution
		{98CEEF41-771B-483C-BB67-5C16B5ED071B}.Debug|Any CPU.ActiveCfg = Debug|Any CPU
		{98CEEF41-771B-483C-BB67-5C16B5ED071B}.Debug|Any CPU.Build.0 = Debug|Any CPU
		{98CEEF41-771B-483C-BB67-5C16B5ED071B}.Release|Any CPU.ActiveCfg = Release|Any CPU
		{98CEEF41-771B-483C-BB67-5C16B5ED071B}.Release|Any CPU.Build.0 = Release|Any CPU
		{D689F99A-46DE-4EED-AD91-3D11466CE60F}.Debug|Any CPU.ActiveCfg = Debug|Any CPU
		{D689F99A-46DE-4EED-AD91-3D11466CE60F}.Debug|Any CPU.Build.0 = Debug|Any CPU
		{D689F99A-46DE-4EED-AD91-3D11466CE60F}.Release|Any CPU.ActiveCfg = Release|Any CPU
		{D689F99A-46DE-4EED-AD91-3D11466CE60F}.Release|Any CPU.Build.0 = Release|Any CPU
		{DD31E697-B93F-4F75-BFC8-EBB5BE1CAC20}.Debug|Any CPU.ActiveCfg = Debug|Any CPU
		{DD31E697-B93F-4F75-BFC8-EBB5BE1CAC20}.Debug|Any CPU.Build.0 = Debug|Any CPU
		{DD31E697-B93F-4F75-BFC8-EBB5BE1CAC20}.Release|Any CPU.ActiveCfg = Release|Any CPU
		{DD31E697-B93F-4F75-BFC8-EBB5BE1CAC20}.Release|Any CPU.Build.0 = Release|Any CPU
		{775E2259-6695-4642-ADDF-058660B18B5E}.Debug|Any CPU.ActiveCfg = Debug|Any CPU
		{775E2259-6695-4642-ADDF-058660B18B5E}.Debug|Any CPU.Build.0 = Debug|Any CPU
		{775E2259-6695-4642-ADDF-058660B18B5E}.Release|Any CPU.ActiveCfg = Release|Any CPU
		{775E2259-6695-4642-ADDF-058660B18B5E}.Release|Any CPU.Build.0 = Release|Any CPU
		{FAC7CDEA-B137-4F43-9C34-DA095BFE4239}.Debug|Any CPU.ActiveCfg = Debug|Any CPU
		{FAC7CDEA-B137-4F43-9C34-DA095BFE4239}.Debug|Any CPU.Build.0 = Debug|Any CPU
		{FAC7CDEA-B137-4F43-9C34-DA095BFE4239}.Release|Any CPU.ActiveCfg = Release|Any CPU
		{FAC7CDEA-B137-4F43-9C34-DA095BFE4239}.Release|Any CPU.Build.0 = Release|Any CPU
	EndGlobalSection
	GlobalSection(SolutionProperties) = preSolution
		HideSolutionNode = FALSE
	EndGlobalSection
	GlobalSection(ExtensibilityGlobals) = postSolution
		SolutionGuid = {825BCA19-4952-49D4-84A3-48F2455C0CE5}
	EndGlobalSection
EndGlobal
