
Microsoft Visual Studio Solution File, Format Version 12.00
# Visual Studio Version 16
VisualStudioVersion = 16.0.31702.278
MinimumVisualStudioVersion = 10.0.40219.1
Project("{FAE04EC0-301F-11D3-BF4B-00C04F79EFBC}") = "Q1", "ConsoleApp1\Q1.csproj", "{449249B7-0676-47C0-A115-8EB5D3AD6A57}"
EndProject
Global
	GlobalSection(SolutionConfigurationPlatforms) = preSolution
		Debug|Any CPU = Debug|Any CPU
		Release|Any CPU = Release|Any CPU
	EndGlobalSection
	GlobalSection(ProjectConfigurationPlatforms) = postSolution
		{449249B7-0676-47C0-A115-8EB5D3AD6A57}.Debug|Any CPU.ActiveCfg = Debug|Any CPU
		{449249B7-0676-47C0-A115-8EB5D3AD6A57}.Debug|Any CPU.Build.0 = Debug|Any CPU
		{449249B7-0676-47C0-A115-8EB5D3AD6A57}.Release|Any CPU.ActiveCfg = Release|Any CPU
		{449249B7-0676-47C0-A115-8EB5D3AD6A57}.Release|Any CPU.Build.0 = Release|Any CPU
	EndGlobalSection
	GlobalSection(SolutionProperties) = preSolution
		HideSolutionNode = FALSE
	EndGlobalSection
	GlobalSection(ExtensibilityGlobals) = postSolution
		SolutionGuid = {C61C207A-BE11-4421-9AF9-8033312DE75C}
	EndGlobalSection
EndGlobal
