
Microsoft Visual Studio Solution File, Format Version 12.00
# Visual Studio Version 16
VisualStudioVersion = 16.0.31624.102
MinimumVisualStudioVersion = 10.0.40219.1
Project("{9A19103F-16F7-4668-BE54-9A1E7A4F7556}") = "HumanResourceManagement", "HumanResourceManagement\HumanResourceManagement.csproj", "{209B2414-E14F-44E5-93EF-1661D126DEF6}"
EndProject
Project("{9A19103F-16F7-4668-BE54-9A1E7A4F7556}") = "EX3_PE2020", "EX3_PE2020\EX3_PE2020.csproj", "{0BF4435B-837E-43CE-876B-177A12E6D524}"
EndProject
Project("{FAE04EC0-301F-11D3-BF4B-00C04F79EFBC}") = "EX4_PE2020", "EX4_PE2020\EX4_PE2020.csproj", "{474D287D-E90F-42B2-B3D3-D50C0DA38B2F}"
EndProject
Global
	GlobalSection(SolutionConfigurationPlatforms) = preSolution
		Debug|Any CPU = Debug|Any CPU
		Release|Any CPU = Release|Any CPU
	EndGlobalSection
	GlobalSection(ProjectConfigurationPlatforms) = postSolution
		{209B2414-E14F-44E5-93EF-1661D126DEF6}.Debug|Any CPU.ActiveCfg = Debug|Any CPU
		{209B2414-E14F-44E5-93EF-1661D126DEF6}.Debug|Any CPU.Build.0 = Debug|Any CPU
		{209B2414-E14F-44E5-93EF-1661D126DEF6}.Release|Any CPU.ActiveCfg = Release|Any CPU
		{209B2414-E14F-44E5-93EF-1661D126DEF6}.Release|Any CPU.Build.0 = Release|Any CPU
		{0BF4435B-837E-43CE-876B-177A12E6D524}.Debug|Any CPU.ActiveCfg = Debug|Any CPU
		{0BF4435B-837E-43CE-876B-177A12E6D524}.Debug|Any CPU.Build.0 = Debug|Any CPU
		{0BF4435B-837E-43CE-876B-177A12E6D524}.Release|Any CPU.ActiveCfg = Release|Any CPU
		{0BF4435B-837E-43CE-876B-177A12E6D524}.Release|Any CPU.Build.0 = Release|Any CPU
		{474D287D-E90F-42B2-B3D3-D50C0DA38B2F}.Debug|Any CPU.ActiveCfg = Debug|Any CPU
		{474D287D-E90F-42B2-B3D3-D50C0DA38B2F}.Debug|Any CPU.Build.0 = Debug|Any CPU
		{474D287D-E90F-42B2-B3D3-D50C0DA38B2F}.Release|Any CPU.ActiveCfg = Release|Any CPU
		{474D287D-E90F-42B2-B3D3-D50C0DA38B2F}.Release|Any CPU.Build.0 = Release|Any CPU
	EndGlobalSection
	GlobalSection(SolutionProperties) = preSolution
		HideSolutionNode = FALSE
	EndGlobalSection
	GlobalSection(ExtensibilityGlobals) = postSolution
		SolutionGuid = {C9D99826-DFF5-47F1-88A9-B3A38A3485E7}
	EndGlobalSection
EndGlobal
