
Microsoft Visual Studio Solution File, Format Version 12.00
# Visual Studio Version 17
VisualStudioVersion = 17.0.32112.339
MinimumVisualStudioVersion = 10.0.40219.1
Project("{FAE04EC0-301F-11D3-BF4B-00C04F79EFBC}") = "PRN221_Spr22", "PRN221_Spr22.csproj", "{EA9D84E8-F20D-449D-99B8-EE0EBD8A3008}"
EndProject
Project("{FAE04EC0-301F-11D3-BF4B-00C04F79EFBC}") = "WebApplication2", "..\WebApplication2\WebApplication2.csproj", "{A39ECFF6-4C59-4C76-AD3C-F87C8276EEC2}"
EndProject
Global
	GlobalSection(SolutionConfigurationPlatforms) = preSolution
		Debug|Any CPU = Debug|Any CPU
		Release|Any CPU = Release|Any CPU
	EndGlobalSection
	GlobalSection(ProjectConfigurationPlatforms) = postSolution
		{EA9D84E8-F20D-449D-99B8-EE0EBD8A3008}.Debug|Any CPU.ActiveCfg = Debug|Any CPU
		{EA9D84E8-F20D-449D-99B8-EE0EBD8A3008}.Debug|Any CPU.Build.0 = Debug|Any CPU
		{EA9D84E8-F20D-449D-99B8-EE0EBD8A3008}.Release|Any CPU.ActiveCfg = Release|Any CPU
		{EA9D84E8-F20D-449D-99B8-EE0EBD8A3008}.Release|Any CPU.Build.0 = Release|Any CPU
		{A39ECFF6-4C59-4C76-AD3C-F87C8276EEC2}.Debug|Any CPU.ActiveCfg = Debug|Any CPU
		{A39ECFF6-4C59-4C76-AD3C-F87C8276EEC2}.Debug|Any CPU.Build.0 = Debug|Any CPU
		{A39ECFF6-4C59-4C76-AD3C-F87C8276EEC2}.Release|Any CPU.ActiveCfg = Release|Any CPU
		{A39ECFF6-4C59-4C76-AD3C-F87C8276EEC2}.Release|Any CPU.Build.0 = Release|Any CPU
	EndGlobalSection
	GlobalSection(SolutionProperties) = preSolution
		HideSolutionNode = FALSE
	EndGlobalSection
	GlobalSection(ExtensibilityGlobals) = postSolution
		SolutionGuid = {17109226-6FD4-45BB-BE24-02AEA570DEC9}
	EndGlobalSection
EndGlobal
