
Microsoft Visual Studio Solution File, Format Version 12.00
# Visual Studio Version 16
VisualStudioVersion = 16.0.31702.278
MinimumVisualStudioVersion = 10.0.40219.1
Project("{FAE04EC0-301F-11D3-BF4B-00C04F79EFBC}") = "PRN292_Sum2020_B5", "PRN292_Sum2020_B5\PRN292_Sum2020_B5.csproj", "{FF501218-4C29-4572-BC24-E60D4B1F7AE3}"
EndProject
Global
	GlobalSection(SolutionConfigurationPlatforms) = preSolution
		Debug|Any CPU = Debug|Any CPU
		Release|Any CPU = Release|Any CPU
	EndGlobalSection
	GlobalSection(ProjectConfigurationPlatforms) = postSolution
		{FF501218-4C29-4572-BC24-E60D4B1F7AE3}.Debug|Any CPU.ActiveCfg = Debug|Any CPU
		{FF501218-4C29-4572-BC24-E60D4B1F7AE3}.Debug|Any CPU.Build.0 = Debug|Any CPU
		{FF501218-4C29-4572-BC24-E60D4B1F7AE3}.Release|Any CPU.ActiveCfg = Release|Any CPU
		{FF501218-4C29-4572-BC24-E60D4B1F7AE3}.Release|Any CPU.Build.0 = Release|Any CPU
	EndGlobalSection
	GlobalSection(SolutionProperties) = preSolution
		HideSolutionNode = FALSE
	EndGlobalSection
	GlobalSection(ExtensibilityGlobals) = postSolution
		SolutionGuid = {B42D75C1-4055-4276-ADE1-6F324E511B20}
	EndGlobalSection
EndGlobal
