
Microsoft Visual Studio Solution File, Format Version 12.00
# Visual Studio Version 17
VisualStudioVersion = 17.0.31919.166
MinimumVisualStudioVersion = 10.0.40219.1
Project("{FAE04EC0-301F-11D3-BF4B-00C04F79EFBC}") = "ConsoleApp", "ConsoleApp\ConsoleApp.csproj", "{C1437003-A658-4A0F-9C68-82F9296A332E}"
EndProject
Global
	GlobalSection(SolutionConfigurationPlatforms) = preSolution
		Debug|Any CPU = Debug|Any CPU
		Release|Any CPU = Release|Any CPU
	EndGlobalSection
	GlobalSection(ProjectConfigurationPlatforms) = postSolution
		{C1437003-A658-4A0F-9C68-82F9296A332E}.Debug|Any CPU.ActiveCfg = Debug|Any CPU
		{C1437003-A658-4A0F-9C68-82F9296A332E}.Debug|Any CPU.Build.0 = Debug|Any CPU
		{C1437003-A658-4A0F-9C68-82F9296A332E}.Release|Any CPU.ActiveCfg = Release|Any CPU
		{C1437003-A658-4A0F-9C68-82F9296A332E}.Release|Any CPU.Build.0 = Release|Any CPU
	EndGlobalSection
	GlobalSection(SolutionProperties) = preSolution
		HideSolutionNode = FALSE
	EndGlobalSection
	GlobalSection(ExtensibilityGlobals) = postSolution
		SolutionGuid = {27DCADD8-EB56-4A57-BC2B-10F68CDC9C86}
	EndGlobalSection
EndGlobal
