
Microsoft Visual Studio Solution File, Format Version 12.00
# Visual Studio Version 16
VisualStudioVersion = 16.0.31624.102
MinimumVisualStudioVersion = 10.0.40219.1
Project("{FAE04EC0-301F-11D3-BF4B-00C04F79EFBC}") = "ColorWinform", "ColorWinform\ColorWinform.csproj", "{0C0AB1BE-7773-4755-8577-B4CE720C7579}"
EndProject
Global
	GlobalSection(SolutionConfigurationPlatforms) = preSolution
		Debug|Any CPU = Debug|Any CPU
		Release|Any CPU = Release|Any CPU
	EndGlobalSection
	GlobalSection(ProjectConfigurationPlatforms) = postSolution
		{0C0AB1BE-7773-4755-8577-B4CE720C7579}.Debug|Any CPU.ActiveCfg = Debug|Any CPU
		{0C0AB1BE-7773-4755-8577-B4CE720C7579}.Debug|Any CPU.Build.0 = Debug|Any CPU
		{0C0AB1BE-7773-4755-8577-B4CE720C7579}.Release|Any CPU.ActiveCfg = Release|Any CPU
		{0C0AB1BE-7773-4755-8577-B4CE720C7579}.Release|Any CPU.Build.0 = Release|Any CPU
	EndGlobalSection
	GlobalSection(SolutionProperties) = preSolution
		HideSolutionNode = FALSE
	EndGlobalSection
	GlobalSection(ExtensibilityGlobals) = postSolution
		SolutionGuid = {2AC4F65E-FE97-452B-8534-A7C451AD5D1C}
	EndGlobalSection
EndGlobal
